# This file is generated by running "yarn install" inside your project.
# Manual changes might be lost - proceed with caution!

__metadata:
  version: 4
  cacheKey: 8

"gotrue-js@npm:^0.9.29":
  version: 0.9.29
  resolution: "gotrue-js@npm:0.9.29"
  dependencies:
    micro-api-client: ^3.2.1
  checksum: f2042506dea0543a6220892eda01e5363e3dcaa39049933fbb9dc7f1c70869174ad4a1a72836c576e4dc39ad76899712d85a879537799fbe9fe22e9de9f64b04
  languageName: node
  linkType: hard

"micro-api-client@npm:^3.2.1":
  version: 3.3.0
  resolution: "micro-api-client@npm:3.3.0"
  checksum: db0ad27df4c58bfb10eb4a6ad14d242d8abbae1bca623db3b23568dae6b146338ecbd62563a41a756b7a75ea155c950ddb5d633859ca728072d1852ed29dd1e2
  languageName: node
  linkType: hard

"temp-repo@workspace:.":
  version: 0.0.0-use.local
  resolution: "temp-repo@workspace:."
  dependencies:
    gotrue-js: ^0.9.29
  languageName: unknown
  linkType: soft
